{
  "name": "profico-site-final",
  "version": "1.0.0",
  "lockfileVersion": 2,
  "requires": true,
  "packages": {
    "": {
      "name": "profico-site-final",
      "version": "1.0.0",
      "dependencies": {
        "react": "^18.2.0",
        "react-dom": "^18.2.0",
        "vite": "^5.2.8"
      },
      "devDependencies": {
        "tailwindcss": "^3.4.1"
      }
    }
  },
  "dependencies": {
    "react": {
      "version": "18.2.0",
      "resolved": "https://registry.npmjs.org/react/-/react-18.2.0.tgz",
      "integrity": "sha512-...react",
      "dev": false
    },
    "react-dom": {
      "version": "18.2.0",
      "resolved": "https://registry.npmjs.org/react-dom/-/react-dom-18.2.0.tgz",
      "integrity": "sha512-...react-dom",
      "dev": false
    },
    "vite": {
      "version": "5.2.8",
      "resolved": "https://registry.npmjs.org/vite/-/vite-5.2.8.tgz",
      "integrity": "sha512-...vite",
      "dev": false
    },
    "tailwindcss": {
      "version": "3.4.1",
      "resolved": "https://registry.npmjs.org/tailwindcss/-/tailwindcss-3.4.1.tgz",
      "integrity": "sha512-...tailwindcss",
      "dev": true
    }
  }
}